
Microsoft Visual Studio Solution File, Format Version 12.00
# Visual Studio 15
VisualStudioVersion = 15.0.28010.2036
MinimumVisualStudioVersion = 10.0.40219.1
Project("{FAE04EC0-301F-11D3-BF4B-00C04F79EFBC}") = "Cake.XdtTransform", "Cake.XdtTransform\Cake.XdtTransform.csproj", "{46F9DCE5-8422-4AE7-A868-92DE66E70517}"
EndProject
Project("{FAE04EC0-301F-11D3-BF4B-00C04F79EFBC}") = "Cake.XdtTransform.Tests", "Cake.XdtTransform.Tests\Cake.XdtTransform.Tests.csproj", "{2DA1653D-DB73-4C3E-B3FA-B8500C8A53C2}"
EndProject
Global
	GlobalSection(SolutionConfigurationPlatforms) = preSolution
		Debug|Any CPU = Debug|Any CPU
		Release|Any CPU = Release|Any CPU
	EndGlobalSection
	GlobalSection(ProjectConfigurationPlatforms) = postSolution
		{46F9DCE5-8422-4AE7-A868-92DE66E70517}.Debug|Any CPU.ActiveCfg = Debug|Any CPU
		{46F9DCE5-8422-4AE7-A868-92DE66E70517}.Debug|Any CPU.Build.0 = Debug|Any CPU
		{46F9DCE5-8422-4AE7-A868-92DE66E70517}.Release|Any CPU.ActiveCfg = Release|Any CPU
		{46F9DCE5-8422-4AE7-A868-92DE66E70517}.Release|Any CPU.Build.0 = Release|Any CPU
		{2DA1653D-DB73-4C3E-B3FA-B8500C8A53C2}.Debug|Any CPU.ActiveCfg = Debug|Any CPU
		{2DA1653D-DB73-4C3E-B3FA-B8500C8A53C2}.Debug|Any CPU.Build.0 = Debug|Any CPU
		{2DA1653D-DB73-4C3E-B3FA-B8500C8A53C2}.Release|Any CPU.ActiveCfg = Release|Any CPU
		{2DA1653D-DB73-4C3E-B3FA-B8500C8A53C2}.Release|Any CPU.Build.0 = Release|Any CPU
	EndGlobalSection
	GlobalSection(SolutionProperties) = preSolution
		HideSolutionNode = FALSE
	EndGlobalSection
	GlobalSection(ExtensibilityGlobals) = postSolution
		SolutionGuid = {9D19924D-77FB-4D26-893A-679B4BA875F3}
	EndGlobalSection
EndGlobal
